
Microsoft Visual Studio Solution File, Format Version 12.00
# Visual Studio Version 16
VisualStudioVersion = 16.0.30011.22
MinimumVisualStudioVersion = 10.0.40219.1
Project("{D954291E-2A0B-460D-934E-DC6B0785DB48}") = "bwdykit", "bwdykit\bwdykit.shproj", "{25460F57-4C6B-4DE8-8B46-852C842DF811}"
EndProject
Global
	GlobalSection(SharedMSBuildProjectFiles) = preSolution
		bwdykit\bwdykit.projitems*{25460f57-4c6b-4de8-8b46-852c842df811}*SharedItemsImports = 13
	EndGlobalSection
	GlobalSection(SolutionProperties) = preSolution
		HideSolutionNode = FALSE
	EndGlobalSection
	GlobalSection(ExtensibilityGlobals) = postSolution
		SolutionGuid = {D4B924CA-4478-4D78-8FAC-D9560C2D28DE}
	EndGlobalSection
EndGlobal
