
Microsoft Visual Studio Solution File, Format Version 12.00
# Visual Studio Version 16
VisualStudioVersion = 16.0.30011.22
MinimumVisualStudioVersion = 10.0.40219.1
Project("{FAE04EC0-301F-11D3-BF4B-00C04F79EFBC}") = "Android", "Android\Android.csproj", "{386403C4-58F7-4E72-92D6-7DCDF052BC22}"
EndProject
Project("{FAE04EC0-301F-11D3-BF4B-00C04F79EFBC}") = "iOS", "iOS\iOS.csproj", "{15B14190-5793-42EC-A54D-EFC629F84D53}"
EndProject
Project("{D954291E-2A0B-460D-934E-DC6B0785DB48}") = "bwdykit", "bwdykit\bwdykit.shproj", "{25460F57-4C6B-4DE8-8B46-852C842DF811}"
EndProject
Project("{D954291E-2A0B-460D-934E-DC6B0785DB48}") = "Template", "bwdykit.Template\Template\Template.shproj", "{01036B2E-01B7-4D39-BC4B-E069BC2AEC99}"
EndProject
Global
	GlobalSection(SharedMSBuildProjectFiles) = preSolution
		bwdykit.Template\Template\Template.projitems*{01036b2e-01b7-4d39-bc4b-e069bc2aec99}*SharedItemsImports = 13
		bwdykit.Template\Template\Template.projitems*{15b14190-5793-42ec-a54d-efc629f84d53}*SharedItemsImports = 4
		bwdykit\bwdykit.projitems*{15b14190-5793-42ec-a54d-efc629f84d53}*SharedItemsImports = 4
		bwdykit\bwdykit.projitems*{25460f57-4c6b-4de8-8b46-852c842df811}*SharedItemsImports = 13
		bwdykit.Template\Template\Template.projitems*{386403c4-58f7-4e72-92d6-7dcdf052bc22}*SharedItemsImports = 4
		bwdykit\bwdykit.projitems*{386403c4-58f7-4e72-92d6-7dcdf052bc22}*SharedItemsImports = 4
	EndGlobalSection
	GlobalSection(SolutionConfigurationPlatforms) = preSolution
		Debug|Any CPU = Debug|Any CPU
		Debug|iPhone = Debug|iPhone
		Debug|iPhoneSimulator = Debug|iPhoneSimulator
		Release|Any CPU = Release|Any CPU
		Release|iPhone = Release|iPhone
		Release|iPhoneSimulator = Release|iPhoneSimulator
	EndGlobalSection
	GlobalSection(ProjectConfigurationPlatforms) = postSolution
		{386403C4-58F7-4E72-92D6-7DCDF052BC22}.Debug|Any CPU.ActiveCfg = Debug|Any CPU
		{386403C4-58F7-4E72-92D6-7DCDF052BC22}.Debug|Any CPU.Build.0 = Debug|Any CPU
		{386403C4-58F7-4E72-92D6-7DCDF052BC22}.Debug|Any CPU.Deploy.0 = Debug|Any CPU
		{386403C4-58F7-4E72-92D6-7DCDF052BC22}.Debug|iPhone.ActiveCfg = Debug|Any CPU
		{386403C4-58F7-4E72-92D6-7DCDF052BC22}.Debug|iPhone.Build.0 = Debug|Any CPU
		{386403C4-58F7-4E72-92D6-7DCDF052BC22}.Debug|iPhone.Deploy.0 = Debug|Any CPU
		{386403C4-58F7-4E72-92D6-7DCDF052BC22}.Debug|iPhoneSimulator.ActiveCfg = Debug|Any CPU
		{386403C4-58F7-4E72-92D6-7DCDF052BC22}.Debug|iPhoneSimulator.Build.0 = Debug|Any CPU
		{386403C4-58F7-4E72-92D6-7DCDF052BC22}.Debug|iPhoneSimulator.Deploy.0 = Debug|Any CPU
		{386403C4-58F7-4E72-92D6-7DCDF052BC22}.Release|Any CPU.ActiveCfg = Release|Any CPU
		{386403C4-58F7-4E72-92D6-7DCDF052BC22}.Release|Any CPU.Build.0 = Release|Any CPU
		{386403C4-58F7-4E72-92D6-7DCDF052BC22}.Release|Any CPU.Deploy.0 = Release|Any CPU
		{386403C4-58F7-4E72-92D6-7DCDF052BC22}.Release|iPhone.ActiveCfg = Release|Any CPU
		{386403C4-58F7-4E72-92D6-7DCDF052BC22}.Release|iPhone.Build.0 = Release|Any CPU
		{386403C4-58F7-4E72-92D6-7DCDF052BC22}.Release|iPhone.Deploy.0 = Release|Any CPU
		{386403C4-58F7-4E72-92D6-7DCDF052BC22}.Release|iPhoneSimulator.ActiveCfg = Release|Any CPU
		{386403C4-58F7-4E72-92D6-7DCDF052BC22}.Release|iPhoneSimulator.Build.0 = Release|Any CPU
		{386403C4-58F7-4E72-92D6-7DCDF052BC22}.Release|iPhoneSimulator.Deploy.0 = Release|Any CPU
		{15B14190-5793-42EC-A54D-EFC629F84D53}.Debug|Any CPU.ActiveCfg = Debug|iPhone
		{15B14190-5793-42EC-A54D-EFC629F84D53}.Debug|iPhone.ActiveCfg = Debug|iPhone
		{15B14190-5793-42EC-A54D-EFC629F84D53}.Debug|iPhone.Build.0 = Debug|iPhone
		{15B14190-5793-42EC-A54D-EFC629F84D53}.Debug|iPhoneSimulator.ActiveCfg = Debug|iPhoneSimulator
		{15B14190-5793-42EC-A54D-EFC629F84D53}.Debug|iPhoneSimulator.Build.0 = Debug|iPhoneSimulator
		{15B14190-5793-42EC-A54D-EFC629F84D53}.Release|Any CPU.ActiveCfg = Release|iPhone
		{15B14190-5793-42EC-A54D-EFC629F84D53}.Release|iPhone.ActiveCfg = Release|iPhone
		{15B14190-5793-42EC-A54D-EFC629F84D53}.Release|iPhone.Build.0 = Release|iPhone
		{15B14190-5793-42EC-A54D-EFC629F84D53}.Release|iPhoneSimulator.ActiveCfg = Release|iPhoneSimulator
		{15B14190-5793-42EC-A54D-EFC629F84D53}.Release|iPhoneSimulator.Build.0 = Release|iPhoneSimulator
	EndGlobalSection
	GlobalSection(SolutionProperties) = preSolution
		HideSolutionNode = FALSE
	EndGlobalSection
	GlobalSection(ExtensibilityGlobals) = postSolution
		SolutionGuid = {176AED66-6328-4183-94FA-ABCB86A8636D}
	EndGlobalSection
EndGlobal
